
Microsoft Visual Studio Solution File, Format Version 12.00
# Visual Studio 15
Project("{FAE04EC0-301F-11D3-BF4B-00C04F79EFBC}") = "Assembly-CSharp", "Assembly-CSharp.csproj", "{CE8D6885-1BB9-B36E-7581-E37D0E1E3E9A}"
EndProject
Project("{FAE04EC0-301F-11D3-BF4B-00C04F79EFBC}") = "Assembly-CSharp-Editor", "Assembly-CSharp-Editor.csproj", "{8E11B21C-3544-063A-0982-6E0683A99356}"
EndProject
Global
	GlobalSection(SolutionConfigurationPlatforms) = preSolution
		Debug|Any CPU = Debug|Any CPU
		Release|Any CPU = Release|Any CPU
	EndGlobalSection
	GlobalSection(ProjectConfigurationPlatforms) = postSolution
		{CE8D6885-1BB9-B36E-7581-E37D0E1E3E9A}.Debug|Any CPU.ActiveCfg = Debug|Any CPU
		{CE8D6885-1BB9-B36E-7581-E37D0E1E3E9A}.Debug|Any CPU.Build.0 = Debug|Any CPU
		{CE8D6885-1BB9-B36E-7581-E37D0E1E3E9A}.Release|Any CPU.ActiveCfg = Release|Any CPU
		{CE8D6885-1BB9-B36E-7581-E37D0E1E3E9A}.Release|Any CPU.Build.0 = Release|Any CPU
		{8E11B21C-3544-063A-0982-6E0683A99356}.Debug|Any CPU.ActiveCfg = Debug|Any CPU
		{8E11B21C-3544-063A-0982-6E0683A99356}.Debug|Any CPU.Build.0 = Debug|Any CPU
		{8E11B21C-3544-063A-0982-6E0683A99356}.Release|Any CPU.ActiveCfg = Release|Any CPU
		{8E11B21C-3544-063A-0982-6E0683A99356}.Release|Any CPU.Build.0 = Release|Any CPU
	EndGlobalSection
	GlobalSection(SolutionProperties) = preSolution
		HideSolutionNode = FALSE
	EndGlobalSection
EndGlobal
